
Microsoft Visual Studio Solution File, Format Version 12.00
# Visual Studio 15
Project("{FAE04EC0-301F-11D3-BF4B-00C04F79EFBC}") = "SavaageIncPasta", "Assembly-CSharp.csproj", "{69E061B5-4E3F-AEBF-7316-1D477902095D}"
EndProject
Global
	GlobalSection(SolutionConfigurationPlatforms) = preSolution
		Debug|Any CPU = Debug|Any CPU
		Release|Any CPU = Release|Any CPU
	EndGlobalSection
	GlobalSection(ProjectConfigurationPlatforms) = postSolution
		{69E061B5-4E3F-AEBF-7316-1D477902095D}.Debug|Any CPU.ActiveCfg = Debug|Any CPU
		{69E061B5-4E3F-AEBF-7316-1D477902095D}.Debug|Any CPU.Build.0 = Debug|Any CPU
		{69E061B5-4E3F-AEBF-7316-1D477902095D}.Release|Any CPU.ActiveCfg = Release|Any CPU
		{69E061B5-4E3F-AEBF-7316-1D477902095D}.Release|Any CPU.Build.0 = Release|Any CPU
	EndGlobalSection
	GlobalSection(SolutionProperties) = preSolution
		HideSolutionNode = FALSE
	EndGlobalSection
EndGlobal
